
Microsoft Visual Studio Solution File, Format Version 12.00
# Visual Studio 15
VisualStudioVersion = 15.0.28010.2016
MinimumVisualStudioVersion = 10.0.40219.1
Project("{FAE04EC0-301F-11D3-BF4B-00C04F79EFBC}") = "DhanuSPJSOMDemo1", "SPJSOMDemo1\DhanuSPJSOMDemo1.csproj", "{AD05C937-729B-4502-B035-2E0036B40C75}"
EndProject
Global
	GlobalSection(SolutionConfigurationPlatforms) = preSolution
		Debug|Any CPU = Debug|Any CPU
		Release|Any CPU = Release|Any CPU
	EndGlobalSection
	GlobalSection(ProjectConfigurationPlatforms) = postSolution
		{AD05C937-729B-4502-B035-2E0036B40C75}.Debug|Any CPU.ActiveCfg = Debug|Any CPU
		{AD05C937-729B-4502-B035-2E0036B40C75}.Debug|Any CPU.Build.0 = Debug|Any CPU
		{AD05C937-729B-4502-B035-2E0036B40C75}.Debug|Any CPU.Deploy.0 = Debug|Any CPU
		{AD05C937-729B-4502-B035-2E0036B40C75}.Release|Any CPU.ActiveCfg = Release|Any CPU
		{AD05C937-729B-4502-B035-2E0036B40C75}.Release|Any CPU.Build.0 = Release|Any CPU
		{AD05C937-729B-4502-B035-2E0036B40C75}.Release|Any CPU.Deploy.0 = Release|Any CPU
	EndGlobalSection
	GlobalSection(SolutionProperties) = preSolution
		HideSolutionNode = FALSE
	EndGlobalSection
	GlobalSection(ExtensibilityGlobals) = postSolution
		SolutionGuid = {E25034DC-5D5D-4BC8-93D4-FB2226E6E1B5}
	EndGlobalSection
EndGlobal
